
Microsoft Visual Studio Solution File, Format Version 12.00
# Visual Studio Version 17
VisualStudioVersion = 17.3.32922.545
MinimumVisualStudioVersion = 10.0.40219.1
Project("{8BC9CEB8-8B4A-11D0-8D11-00A0C91BC942}") = "Project3", "Project3.vcxproj", "{092C3BE9-D972-4FCD-B8D1-D9F20CE32235}"
EndProject
Global
	GlobalSection(SolutionConfigurationPlatforms) = preSolution
		Debug|x64 = Debug|x64
		Debug|x86 = Debug|x86
		Release|x64 = Release|x64
		Release|x86 = Release|x86
	EndGlobalSection
	GlobalSection(ProjectConfigurationPlatforms) = postSolution
		{092C3BE9-D972-4FCD-B8D1-D9F20CE32235}.Debug|x64.ActiveCfg = Debug|x64
		{092C3BE9-D972-4FCD-B8D1-D9F20CE32235}.Debug|x64.Build.0 = Debug|x64
		{092C3BE9-D972-4FCD-B8D1-D9F20CE32235}.Debug|x86.ActiveCfg = Debug|Win32
		{092C3BE9-D972-4FCD-B8D1-D9F20CE32235}.Debug|x86.Build.0 = Debug|Win32
		{092C3BE9-D972-4FCD-B8D1-D9F20CE32235}.Release|x64.ActiveCfg = Release|x64
		{092C3BE9-D972-4FCD-B8D1-D9F20CE32235}.Release|x64.Build.0 = Release|x64
		{092C3BE9-D972-4FCD-B8D1-D9F20CE32235}.Release|x86.ActiveCfg = Release|Win32
		{092C3BE9-D972-4FCD-B8D1-D9F20CE32235}.Release|x86.Build.0 = Release|Win32
	EndGlobalSection
	GlobalSection(SolutionProperties) = preSolution
		HideSolutionNode = FALSE
	EndGlobalSection
	GlobalSection(ExtensibilityGlobals) = postSolution
		SolutionGuid = {355641FD-97BC-4750-9C0A-F79C1F6DAA62}
	EndGlobalSection
EndGlobal
